
Microsoft Visual Studio Solution File, Format Version 12.00
# Visual Studio Version 17
VisualStudioVersion = 17.9.34701.34
MinimumVisualStudioVersion = 10.0.40219.1
Project("{FAE04EC0-301F-11D3-BF4B-00C04F79EFBC}") = "ap_proj", "dev_express_test\ap_proj.csproj", "{8C0F2B3A-85BF-461F-AD7D-3150B1A85A24}"
EndProject
Project("{9A19103F-16F7-4668-BE54-9A1E7A4F7556}") = "advanced-programing-projrct", "..\advanced-programing-projrct\advanced-programing-projrct.csproj", "{5F6C36ED-50C1-4B0B-9421-12482DCC7CF8}"
EndProject
Global
	GlobalSection(SolutionConfigurationPlatforms) = preSolution
		Debug|Any CPU = Debug|Any CPU
		Release|Any CPU = Release|Any CPU
	EndGlobalSection
	GlobalSection(ProjectConfigurationPlatforms) = postSolution
		{8C0F2B3A-85BF-461F-AD7D-3150B1A85A24}.Debug|Any CPU.ActiveCfg = Debug|Any CPU
		{8C0F2B3A-85BF-461F-AD7D-3150B1A85A24}.Debug|Any CPU.Build.0 = Debug|Any CPU
		{8C0F2B3A-85BF-461F-AD7D-3150B1A85A24}.Release|Any CPU.ActiveCfg = Release|Any CPU
		{8C0F2B3A-85BF-461F-AD7D-3150B1A85A24}.Release|Any CPU.Build.0 = Release|Any CPU
		{5F6C36ED-50C1-4B0B-9421-12482DCC7CF8}.Debug|Any CPU.ActiveCfg = Debug|Any CPU
		{5F6C36ED-50C1-4B0B-9421-12482DCC7CF8}.Debug|Any CPU.Build.0 = Debug|Any CPU
		{5F6C36ED-50C1-4B0B-9421-12482DCC7CF8}.Release|Any CPU.ActiveCfg = Release|Any CPU
		{5F6C36ED-50C1-4B0B-9421-12482DCC7CF8}.Release|Any CPU.Build.0 = Release|Any CPU
	EndGlobalSection
	GlobalSection(SolutionProperties) = preSolution
		HideSolutionNode = FALSE
	EndGlobalSection
	GlobalSection(ExtensibilityGlobals) = postSolution
		SolutionGuid = {0E2D24B0-2540-42B3-9F41-FFE7BD2E76AB}
	EndGlobalSection
EndGlobal
